// !$*UTF8*$!
{
	archiveVersion = 1;
	classes = {
	};
	objectVersion = 46;
	objects = {

/* Begin PBXBuildFile section */
		8471681F1EEE6F2900D04554 /* LeftViewController.swift in Sources */ = {isa = PBXBuildFile; fileRef = 8471681E1EEE6F2900D04554 /* LeftViewController.swift */; };
		847168211EEE6F3B00D04554 /* DrawerViewController.swift in Sources */ = {isa = PBXBuildFile; fileRef = 847168201EEE6F3B00D04554 /* DrawerViewController.swift */; };
		847168251EEE771D00D04554 /* ReadViewController.swift in Sources */ = {isa = PBXBuildFile; fileRef = 847168241EEE771D00D04554 /* ReadViewController.swift */; };
		849221061EEF764B006BDF4C /* RadioViewController.swift in Sources */ = {isa = PBXBuildFile; fileRef = 849221051EEF764B006BDF4C /* RadioViewController.swift */; };
		849221081EEF765C006BDF4C /* ProductViewController.swift in Sources */ = {isa = PBXBuildFile; fileRef = 849221071EEF765C006BDF4C /* ProductViewController.swift */; };
		8492210A1EEF766B006BDF4C /* TopicViewController.swift in Sources */ = {isa = PBXBuildFile; fileRef = 849221091EEF766B006BDF4C /* TopicViewController.swift */; };
		849973AC1EEE33CF00FABD29 /* Main.storyboard in Resources */ = {isa = PBXBuildFile; fileRef = 849973AA1EEE33CF00FABD29 /* Main.storyboard */; };
		849973AE1EEE33CF00FABD29 /* Assets.xcassets in Resources */ = {isa = PBXBuildFile; fileRef = 849973AD1EEE33CF00FABD29 /* Assets.xcassets */; };
		849973B11EEE33CF00FABD29 /* LaunchScreen.storyboard in Resources */ = {isa = PBXBuildFile; fileRef = 849973AF1EEE33CF00FABD29 /* LaunchScreen.storyboard */; };
		849973BB1EEE35F300FABD29 /* AppDelegate.swift in Sources */ = {isa = PBXBuildFile; fileRef = 849973BA1EEE35F300FABD29 /* AppDelegate.swift */; };
/* End PBXBuildFile section */

/* Begin PBXFileReference section */
		8471681E1EEE6F2900D04554 /* LeftViewController.swift */ = {isa = PBXFileReference; fileEncoding = 4; lastKnownFileType = sourcecode.swift; path = LeftViewController.swift; sourceTree = "<group>"; };
		847168201EEE6F3B00D04554 /* DrawerViewController.swift */ = {isa = PBXFileReference; fileEncoding = 4; lastKnownFileType = sourcecode.swift; path = DrawerViewController.swift; sourceTree = "<group>"; };
		847168241EEE771D00D04554 /* ReadViewController.swift */ = {isa = PBXFileReference; fileEncoding = 4; lastKnownFileType = sourcecode.swift; path = ReadViewController.swift; sourceTree = "<group>"; };
		849221051EEF764B006BDF4C /* RadioViewController.swift */ = {isa = PBXFileReference; fileEncoding = 4; lastKnownFileType = sourcecode.swift; path = RadioViewController.swift; sourceTree = "<group>"; };
		849221071EEF765C006BDF4C /* ProductViewController.swift */ = {isa = PBXFileReference; fileEncoding = 4; lastKnownFileType = sourcecode.swift; path = ProductViewController.swift; sourceTree = "<group>"; };
		849221091EEF766B006BDF4C /* TopicViewController.swift */ = {isa = PBXFileReference; fileEncoding = 4; lastKnownFileType = sourcecode.swift; path = TopicViewController.swift; sourceTree = "<group>"; };
		849973A31EEE33CE00FABD29 /* ZYSwift.app */ = {isa = PBXFileReference; explicitFileType = wrapper.application; includeInIndex = 0; path = ZYSwift.app; sourceTree = BUILT_PRODUCTS_DIR; };
		849973AB1EEE33CF00FABD29 /* Base */ = {isa = PBXFileReference; lastKnownFileType = file.storyboard; name = Base; path = Base.lproj/Main.storyboard; sourceTree = "<group>"; };
		849973AD1EEE33CF00FABD29 /* Assets.xcassets */ = {isa = PBXFileReference; lastKnownFileType = folder.assetcatalog; path = Assets.xcassets; sourceTree = "<group>"; };
		849973B01EEE33CF00FABD29 /* Base */ = {isa = PBXFileReference; lastKnownFileType = file.storyboard; name = Base; path = Base.lproj/LaunchScreen.storyboard; sourceTree = "<group>"; };
		849973B21EEE33CF00FABD29 /* Info.plist */ = {isa = PBXFileReference; lastKnownFileType = text.plist.xml; path = Info.plist; sourceTree = "<group>"; };
		849973BA1EEE35F300FABD29 /* AppDelegate.swift */ = {isa = PBXFileReference; fileEncoding = 4; lastKnownFileType = sourcecode.swift; path = AppDelegate.swift; sourceTree = "<group>"; };
/* End PBXFileReference section */

/* Begin PBXFrameworksBuildPhase section */
		849973A01EEE33CE00FABD29 /* Frameworks */ = {
			isa = PBXFrameworksBuildPhase;
			buildActionMask = 2147483647;
			files = (
			);
			runOnlyForDeploymentPostprocessing = 0;
		};
/* End PBXFrameworksBuildPhase section */

/* Begin PBXGroup section */
		847168051EEE6D6500D04554 /* Macro */ = {
			isa = PBXGroup;
			children = (
			);
			path = Macro;
			sourceTree = "<group>";
		};
		847168061EEE6E0600D04554 /* Common */ = {
			isa = PBXGroup;
			children = (
				847168071EEE6E0600D04554 /* Controller */,
				847168081EEE6E0600D04554 /* Model */,
				847168091EEE6E0600D04554 /* View */,
			);
			path = Common;
			sourceTree = "<group>";
		};
		847168071EEE6E0600D04554 /* Controller */ = {
			isa = PBXGroup;
			children = (
			);
			path = Controller;
			sourceTree = "<group>";
		};
		847168081EEE6E0600D04554 /* Model */ = {
			isa = PBXGroup;
			children = (
			);
			path = Model;
			sourceTree = "<group>";
		};
		847168091EEE6E0600D04554 /* View */ = {
			isa = PBXGroup;
			children = (
			);
			path = View;
			sourceTree = "<group>";
		};
		8471680A1EEE6E0600D04554 /* LoginAndRegister */ = {
			isa = PBXGroup;
			children = (
				8471680B1EEE6E0600D04554 /* Controller */,
				8471680C1EEE6E0600D04554 /* Model */,
				8471680D1EEE6E0600D04554 /* View */,
			);
			path = LoginAndRegister;
			sourceTree = "<group>";
		};
		8471680B1EEE6E0600D04554 /* Controller */ = {
			isa = PBXGroup;
			children = (
			);
			path = Controller;
			sourceTree = "<group>";
		};
		8471680C1EEE6E0600D04554 /* Model */ = {
			isa = PBXGroup;
			children = (
			);
			path = Model;
			sourceTree = "<group>";
		};
		8471680D1EEE6E0600D04554 /* View */ = {
			isa = PBXGroup;
			children = (
			);
			path = View;
			sourceTree = "<group>";
		};
		8471680E1EEE6E0600D04554 /* Product */ = {
			isa = PBXGroup;
			children = (
				8471680F1EEE6E0600D04554 /* Controller */,
				847168101EEE6E0600D04554 /* Model */,
				847168111EEE6E0600D04554 /* View */,
			);
			path = Product;
			sourceTree = "<group>";
		};
		8471680F1EEE6E0600D04554 /* Controller */ = {
			isa = PBXGroup;
			children = (
				849221071EEF765C006BDF4C /* ProductViewController.swift */,
			);
			path = Controller;
			sourceTree = "<group>";
		};
		847168101EEE6E0600D04554 /* Model */ = {
			isa = PBXGroup;
			children = (
			);
			path = Model;
			sourceTree = "<group>";
		};
		847168111EEE6E0600D04554 /* View */ = {
			isa = PBXGroup;
			children = (
			);
			path = View;
			sourceTree = "<group>";
		};
		847168121EEE6E0600D04554 /* Radio */ = {
			isa = PBXGroup;
			children = (
				847168131EEE6E0600D04554 /* Controller */,
				847168141EEE6E0600D04554 /* Model */,
				847168151EEE6E0600D04554 /* View */,
			);
			path = Radio;
			sourceTree = "<group>";
		};
		847168131EEE6E0600D04554 /* Controller */ = {
			isa = PBXGroup;
			children = (
				849221051EEF764B006BDF4C /* RadioViewController.swift */,
			);
			path = Controller;
			sourceTree = "<group>";
		};
		847168141EEE6E0600D04554 /* Model */ = {
			isa = PBXGroup;
			children = (
			);
			path = Model;
			sourceTree = "<group>";
		};
		847168151EEE6E0600D04554 /* View */ = {
			isa = PBXGroup;
			children = (
			);
			path = View;
			sourceTree = "<group>";
		};
		847168161EEE6E0600D04554 /* Read */ = {
			isa = PBXGroup;
			children = (
				847168171EEE6E0600D04554 /* Controller */,
				847168181EEE6E0600D04554 /* Model */,
				847168191EEE6E0600D04554 /* View */,
			);
			path = Read;
			sourceTree = "<group>";
		};
		847168171EEE6E0600D04554 /* Controller */ = {
			isa = PBXGroup;
			children = (
				847168241EEE771D00D04554 /* ReadViewController.swift */,
			);
			path = Controller;
			sourceTree = "<group>";
		};
		847168181EEE6E0600D04554 /* Model */ = {
			isa = PBXGroup;
			children = (
			);
			path = Model;
			sourceTree = "<group>";
		};
		847168191EEE6E0600D04554 /* View */ = {
			isa = PBXGroup;
			children = (
			);
			path = View;
			sourceTree = "<group>";
		};
		8471681A1EEE6E0600D04554 /* Topic */ = {
			isa = PBXGroup;
			children = (
				8471681B1EEE6E0600D04554 /* Controller */,
				8471681C1EEE6E0600D04554 /* Model */,
				8471681D1EEE6E0600D04554 /* View */,
			);
			path = Topic;
			sourceTree = "<group>";
		};
		8471681B1EEE6E0600D04554 /* Controller */ = {
			isa = PBXGroup;
			children = (
				849221091EEF766B006BDF4C /* TopicViewController.swift */,
			);
			path = Controller;
			sourceTree = "<group>";
		};
		8471681C1EEE6E0600D04554 /* Model */ = {
			isa = PBXGroup;
			children = (
			);
			path = Model;
			sourceTree = "<group>";
		};
		8471681D1EEE6E0600D04554 /* View */ = {
			isa = PBXGroup;
			children = (
			);
			path = View;
			sourceTree = "<group>";
		};
		8499739A1EEE33CE00FABD29 = {
			isa = PBXGroup;
			children = (
				849973A51EEE33CE00FABD29 /* ZYSwift */,
				849973A41EEE33CE00FABD29 /* Products */,
			);
			sourceTree = "<group>";
		};
		849973A41EEE33CE00FABD29 /* Products */ = {
			isa = PBXGroup;
			children = (
				849973A31EEE33CE00FABD29 /* ZYSwift.app */,
			);
			name = Products;
			sourceTree = "<group>";
		};
		849973A51EEE33CE00FABD29 /* ZYSwift */ = {
			isa = PBXGroup;
			children = (
				849973B91EEE35F300FABD29 /* BaseClass */,
				849973B81EEE35F300FABD29 /* CodeClass */,
				847168051EEE6D6500D04554 /* Macro */,
				849973AA1EEE33CF00FABD29 /* Main.storyboard */,
				849973AD1EEE33CF00FABD29 /* Assets.xcassets */,
				849973AF1EEE33CF00FABD29 /* LaunchScreen.storyboard */,
				849973B21EEE33CF00FABD29 /* Info.plist */,
			);
			path = ZYSwift;
			sourceTree = "<group>";
		};
		849973B81EEE35F300FABD29 /* CodeClass */ = {
			isa = PBXGroup;
			children = (
				847168161EEE6E0600D04554 /* Read */,
				847168061EEE6E0600D04554 /* Common */,
				8471680A1EEE6E0600D04554 /* LoginAndRegister */,
				8471680E1EEE6E0600D04554 /* Product */,
				847168121EEE6E0600D04554 /* Radio */,
				8471681A1EEE6E0600D04554 /* Topic */,
			);
			path = CodeClass;
			sourceTree = "<group>";
		};
		849973B91EEE35F300FABD29 /* BaseClass */ = {
			isa = PBXGroup;
			children = (
				849973BA1EEE35F300FABD29 /* AppDelegate.swift */,
				847168201EEE6F3B00D04554 /* DrawerViewController.swift */,
				8471681E1EEE6F2900D04554 /* LeftViewController.swift */,
			);
			path = BaseClass;
			sourceTree = "<group>";
		};
/* End PBXGroup section */

/* Begin PBXNativeTarget section */
		849973A21EEE33CE00FABD29 /* ZYSwift */ = {
			isa = PBXNativeTarget;
			buildConfigurationList = 849973B51EEE33CF00FABD29 /* Build configuration list for PBXNativeTarget "ZYSwift" */;
			buildPhases = (
				8499739F1EEE33CE00FABD29 /* Sources */,
				849973A01EEE33CE00FABD29 /* Frameworks */,
				849973A11EEE33CE00FABD29 /* Resources */,
			);
			buildRules = (
			);
			dependencies = (
			);
			name = ZYSwift;
			productName = ZYSwift;
			productReference = 849973A31EEE33CE00FABD29 /* ZYSwift.app */;
			productType = "com.apple.product-type.application";
		};
/* End PBXNativeTarget section */

/* Begin PBXProject section */
		8499739B1EEE33CE00FABD29 /* Project object */ = {
			isa = PBXProject;
			attributes = {
				LastSwiftUpdateCheck = 0830;
				LastUpgradeCheck = 0830;
				ORGANIZATIONNAME = "竹雨";
				TargetAttributes = {
					849973A21EEE33CE00FABD29 = {
						CreatedOnToolsVersion = 8.3.2;
						ProvisioningStyle = Automatic;
					};
				};
			};
			buildConfigurationList = 8499739E1EEE33CE00FABD29 /* Build configuration list for PBXProject "ZYSwift" */;
			compatibilityVersion = "Xcode 3.2";
			developmentRegion = English;
			hasScannedForEncodings = 0;
			knownRegions = (
				en,
				Base,
			);
			mainGroup = 8499739A1EEE33CE00FABD29;
			productRefGroup = 849973A41EEE33CE00FABD29 /* Products */;
			projectDirPath = "";
			projectRoot = "";
			targets = (
				849973A21EEE33CE00FABD29 /* ZYSwift */,
			);
		};
/* End PBXProject section */

/* Begin PBXResourcesBuildPhase section */
		849973A11EEE33CE00FABD29 /* Resources */ = {
			isa = PBXResourcesBuildPhase;
			buildActionMask = 2147483647;
			files = (
				849973B11EEE33CF00FABD29 /* LaunchScreen.storyboard in Resources */,
				849973AE1EEE33CF00FABD29 /* Assets.xcassets in Resources */,
				849973AC1EEE33CF00FABD29 /* Main.storyboard in Resources */,
			);
			runOnlyForDeploymentPostprocessing = 0;
		};
/* End PBXResourcesBuildPhase section */

/* Begin PBXSourcesBuildPhase section */
		8499739F1EEE33CE00FABD29 /* Sources */ = {
			isa = PBXSourcesBuildPhase;
			buildActionMask = 2147483647;
			files = (
				849221081EEF765C006BDF4C /* ProductViewController.swift in Sources */,
				8471681F1EEE6F2900D04554 /* LeftViewController.swift in Sources */,
				849221061EEF764B006BDF4C /* RadioViewController.swift in Sources */,
				847168211EEE6F3B00D04554 /* DrawerViewController.swift in Sources */,
				849973BB1EEE35F300FABD29 /* AppDelegate.swift in Sources */,
				847168251EEE771D00D04554 /* ReadViewController.swift in Sources */,
				8492210A1EEF766B006BDF4C /* TopicViewController.swift in Sources */,
			);
			runOnlyForDeploymentPostprocessing = 0;
		};
/* End PBXSourcesBuildPhase section */

/* Begin PBXVariantGroup section */
		849973AA1EEE33CF00FABD29 /* Main.storyboard */ = {
			isa = PBXVariantGroup;
			children = (
				849973AB1EEE33CF00FABD29 /* Base */,
			);
			name = Main.storyboard;
			sourceTree = "<group>";
		};
		849973AF1EEE33CF00FABD29 /* LaunchScreen.storyboard */ = {
			isa = PBXVariantGroup;
			children = (
				849973B01EEE33CF00FABD29 /* Base */,
			);
			name = LaunchScreen.storyboard;
			sourceTree = "<group>";
		};
/* End PBXVariantGroup section */

/* Begin XCBuildConfiguration section */
		849973B31EEE33CF00FABD29 /* Debug */ = {
			isa = XCBuildConfiguration;
			buildSettings = {
				ALWAYS_SEARCH_USER_PATHS = NO;
				CLANG_ANALYZER_NONNULL = YES;
				CLANG_ANALYZER_NUMBER_OBJECT_CONVERSION = YES_AGGRESSIVE;
				CLANG_CXX_LANGUAGE_STANDARD = "gnu++0x";
				CLANG_CXX_LIBRARY = "libc++";
				CLANG_ENABLE_MODULES = YES;
				CLANG_ENABLE_OBJC_ARC = YES;
				CLANG_WARN_BOOL_CONVERSION = YES;
				CLANG_WARN_CONSTANT_CONVERSION = YES;
				CLANG_WARN_DIRECT_OBJC_ISA_USAGE = YES_ERROR;
				CLANG_WARN_DOCUMENTATION_COMMENTS = YES;
				CLANG_WARN_EMPTY_BODY = YES;
				CLANG_WARN_ENUM_CONVERSION = YES;
				CLANG_WARN_INFINITE_RECURSION = YES;
				CLANG_WARN_INT_CONVERSION = YES;
				CLANG_WARN_OBJC_ROOT_CLASS = YES_ERROR;
				CLANG_WARN_SUSPICIOUS_MOVE = YES;
				CLANG_WARN_UNREACHABLE_CODE = YES;
				CLANG_WARN__DUPLICATE_METHOD_MATCH = YES;
				"CODE_SIGN_IDENTITY[sdk=iphoneos*]" = "iPhone Developer";
				COPY_PHASE_STRIP = NO;
				DEBUG_INFORMATION_FORMAT = dwarf;
				ENABLE_STRICT_OBJC_MSGSEND = YES;
				ENABLE_TESTABILITY = YES;
				GCC_C_LANGUAGE_STANDARD = gnu99;
				GCC_DYNAMIC_NO_PIC = NO;
				GCC_NO_COMMON_BLOCKS = YES;
				GCC_OPTIMIZATION_LEVEL = 0;
				GCC_PREPROCESSOR_DEFINITIONS = (
					"DEBUG=1",
					"$(inherited)",
				);
				GCC_WARN_64_TO_32_BIT_CONVERSION = YES;
				GCC_WARN_ABOUT_RETURN_TYPE = YES_ERROR;
				GCC_WARN_UNDECLARED_SELECTOR = YES;
				GCC_WARN_UNINITIALIZED_AUTOS = YES_AGGRESSIVE;
				GCC_WARN_UNUSED_FUNCTION = YES;
				GCC_WARN_UNUSED_VARIABLE = YES;
				IPHONEOS_DEPLOYMENT_TARGET = 10.3;
				MTL_ENABLE_DEBUG_INFO = YES;
				ONLY_ACTIVE_ARCH = YES;
				SDKROOT = iphoneos;
				SWIFT_ACTIVE_COMPILATION_CONDITIONS = DEBUG;
				SWIFT_OPTIMIZATION_LEVEL = "-Onone";
			};
			name = Debug;
		};
		849973B41EEE33CF00FABD29 /* Release */ = {
			isa = XCBuildConfiguration;
			buildSettings = {
				ALWAYS_SEARCH_USER_PATHS = NO;
				CLANG_ANALYZER_NONNULL = YES;
				CLANG_ANALYZER_NUMBER_OBJECT_CONVERSION = YES_AGGRESSIVE;
				CLANG_CXX_LANGUAGE_STANDARD = "gnu++0x";
				CLANG_CXX_LIBRARY = "libc++";
				CLANG_ENABLE_MODULES = YES;
				CLANG_ENABLE_OBJC_ARC = YES;
				CLANG_WARN_BOOL_CONVERSION = YES;
				CLANG_WARN_CONSTANT_CONVERSION = YES;
				CLANG_WARN_DIRECT_OBJC_ISA_USAGE = YES_ERROR;
				CLANG_WARN_DOCUMENTATION_COMMENTS = YES;
				CLANG_WARN_EMPTY_BODY = YES;
				CLANG_WARN_ENUM_CONVERSION = YES;
				CLANG_WARN_INFINITE_RECURSION = YES;
				CLANG_WARN_INT_CONVERSION = YES;
				CLANG_WARN_OBJC_ROOT_CLASS = YES_ERROR;
				CLANG_WARN_SUSPICIOUS_MOVE = YES;
				CLANG_WARN_UNREACHABLE_CODE = YES;
				CLANG_WARN__DUPLICATE_METHOD_MATCH = YES;
				"CODE_SIGN_IDENTITY[sdk=iphoneos*]" = "iPhone Developer";
				COPY_PHASE_STRIP = NO;
				DEBUG_INFORMATION_FORMAT = "dwarf-with-dsym";
				ENABLE_NS_ASSERTIONS = NO;
				ENABLE_STRICT_OBJC_MSGSEND = YES;
				GCC_C_LANGUAGE_STANDARD = gnu99;
				GCC_NO_COMMON_BLOCKS = YES;
				GCC_WARN_64_TO_32_BIT_CONVERSION = YES;
				GCC_WARN_ABOUT_RETURN_TYPE = YES_ERROR;
				GCC_WARN_UNDECLARED_SELECTOR = YES;
				GCC_WARN_UNINITIALIZED_AUTOS = YES_AGGRESSIVE;
				GCC_WARN_UNUSED_FUNCTION = YES;
				GCC_WARN_UNUSED_VARIABLE = YES;
				IPHONEOS_DEPLOYMENT_TARGET = 10.3;
				MTL_ENABLE_DEBUG_INFO = NO;
				SDKROOT = iphoneos;
				SWIFT_OPTIMIZATION_LEVEL = "-Owholemodule";
				VALIDATE_PRODUCT = YES;
			};
			name = Release;
		};
		849973B61EEE33CF00FABD29 /* Debug */ = {
			isa = XCBuildConfiguration;
			buildSettings = {
				ASSETCATALOG_COMPILER_APPICON_NAME = AppIcon;
				DEVELOPMENT_TEAM = "";
				INFOPLIST_FILE = ZYSwift/Info.plist;
				IPHONEOS_DEPLOYMENT_TARGET = 10.0;
				LD_RUNPATH_SEARCH_PATHS = "$(inherited) @executable_path/Frameworks";
				PRODUCT_BUNDLE_IDENTIFIER = CaiZhuYu.ZYSwift;
				PRODUCT_NAME = "$(TARGET_NAME)";
				SWIFT_VERSION = 3.0;
			};
			name = Debug;
		};
		849973B71EEE33CF00FABD29 /* Release */ = {
			isa = XCBuildConfiguration;
			buildSettings = {
				ASSETCATALOG_COMPILER_APPICON_NAME = AppIcon;
				DEVELOPMENT_TEAM = "";
				INFOPLIST_FILE = ZYSwift/Info.plist;
				IPHONEOS_DEPLOYMENT_TARGET = 10.0;
				LD_RUNPATH_SEARCH_PATHS = "$(inherited) @executable_path/Frameworks";
				PRODUCT_BUNDLE_IDENTIFIER = CaiZhuYu.ZYSwift;
				PRODUCT_NAME = "$(TARGET_NAME)";
				SWIFT_VERSION = 3.0;
			};
			name = Release;
		};
/* End XCBuildConfiguration section */

/* Begin XCConfigurationList section */
		8499739E1EEE33CE00FABD29 /* Build configuration list for PBXProject "ZYSwift" */ = {
			isa = XCConfigurationList;
			buildConfigurations = (
				849973B31EEE33CF00FABD29 /* Debug */,
				849973B41EEE33CF00FABD29 /* Release */,
			);
			defaultConfigurationIsVisible = 0;
			defaultConfigurationName = Release;
		};
		849973B51EEE33CF00FABD29 /* Build configuration list for PBXNativeTarget "ZYSwift" */ = {
			isa = XCConfigurationList;
			buildConfigurations = (
				849973B61EEE33CF00FABD29 /* Debug */,
				849973B71EEE33CF00FABD29 /* Release */,
			);
			defaultConfigurationIsVisible = 0;
			defaultConfigurationName = Release;
		};
/* End XCConfigurationList section */
	};
	rootObject = 8499739B1EEE33CE00FABD29 /* Project object */;
}
